
Microsoft Visual Studio Solution File, Format Version 12.00
# Visual Studio Version 16
VisualStudioVersion = 16.0.30011.22
MinimumVisualStudioVersion = 10.0.40219.1
Project("{FAE04EC0-301F-11D3-BF4B-00C04F79EFBC}") = "EmployeeService", "EmployeeService\EmployeeService.csproj", "{D7E1926D-CB14-4902-8A52-AC48E53EA6DA}"
EndProject
Project("{FAE04EC0-301F-11D3-BF4B-00C04F79EFBC}") = "EmployeeDataAccess", "EmployeeDataAccess\EmployeeDataAccess.csproj", "{433D49CB-242D-4B4A-956E-1DC738D70C75}"
EndProject
Project("{FAE04EC0-301F-11D3-BF4B-00C04F79EFBC}") = "ToExplainJsonpOrCors", "ToExplainJsonpOrCors\ToExplainJsonpOrCors.csproj", "{DE9BEAF2-D6B1-4A71-A271-879BD34788CC}"
EndProject
Global
	GlobalSection(SolutionConfigurationPlatforms) = preSolution
		Debug|Any CPU = Debug|Any CPU
		Release|Any CPU = Release|Any CPU
	EndGlobalSection
	GlobalSection(ProjectConfigurationPlatforms) = postSolution
		{D7E1926D-CB14-4902-8A52-AC48E53EA6DA}.Debug|Any CPU.ActiveCfg = Debug|Any CPU
		{D7E1926D-CB14-4902-8A52-AC48E53EA6DA}.Debug|Any CPU.Build.0 = Debug|Any CPU
		{D7E1926D-CB14-4902-8A52-AC48E53EA6DA}.Release|Any CPU.ActiveCfg = Release|Any CPU
		{D7E1926D-CB14-4902-8A52-AC48E53EA6DA}.Release|Any CPU.Build.0 = Release|Any CPU
		{433D49CB-242D-4B4A-956E-1DC738D70C75}.Debug|Any CPU.ActiveCfg = Debug|Any CPU
		{433D49CB-242D-4B4A-956E-1DC738D70C75}.Debug|Any CPU.Build.0 = Debug|Any CPU
		{433D49CB-242D-4B4A-956E-1DC738D70C75}.Release|Any CPU.ActiveCfg = Release|Any CPU
		{433D49CB-242D-4B4A-956E-1DC738D70C75}.Release|Any CPU.Build.0 = Release|Any CPU
		{DE9BEAF2-D6B1-4A71-A271-879BD34788CC}.Debug|Any CPU.ActiveCfg = Debug|Any CPU
		{DE9BEAF2-D6B1-4A71-A271-879BD34788CC}.Debug|Any CPU.Build.0 = Debug|Any CPU
		{DE9BEAF2-D6B1-4A71-A271-879BD34788CC}.Release|Any CPU.ActiveCfg = Release|Any CPU
		{DE9BEAF2-D6B1-4A71-A271-879BD34788CC}.Release|Any CPU.Build.0 = Release|Any CPU
	EndGlobalSection
	GlobalSection(SolutionProperties) = preSolution
		HideSolutionNode = FALSE
	EndGlobalSection
	GlobalSection(ExtensibilityGlobals) = postSolution
		SolutionGuid = {CB594735-C80A-447E-A245-D30BE0095185}
	EndGlobalSection
EndGlobal
